// !$*UTF8*$!
{
	archiveVersion = 1;
	classes = {
	};
	objectVersion = 50;
	objects = {

/* Begin PBXBuildFile section */
		DB43167C218ECF7C00800296 /* main.cpp in Sources */ = {isa = PBXBuildFile; fileRef = DB431673218ECF7B00800296 /* main.cpp */; };
/* End PBXBuildFile section */

/* Begin PBXCopyFilesBuildPhase section */
		DB431665218ECF6300800296 /* CopyFiles */ = {
			isa = PBXCopyFilesBuildPhase;
			buildActionMask = 2147483647;
			dstPath = /usr/share/man/man1/;
			dstSubfolderSpec = 0;
			files = (
			);
			runOnlyForDeploymentPostprocessing = 1;
		};
/* End PBXCopyFilesBuildPhase section */

/* Begin PBXFileReference section */
		DB431667218ECF6300800296 /* Zork */ = {isa = PBXFileReference; explicitFileType = "compiled.mach-o.executable"; includeInIndex = 0; path = Zork; sourceTree = BUILT_PRODUCTS_DIR; };
		DB431671218ECF7B00800296 /* sample.txt.xml */ = {isa = PBXFileReference; fileEncoding = 4; lastKnownFileType = text.xml; path = sample.txt.xml; sourceTree = "<group>"; };
		DB431672218ECF7B00800296 /* Item.hpp */ = {isa = PBXFileReference; fileEncoding = 4; lastKnownFileType = sourcecode.cpp.h; path = Item.hpp; sourceTree = "<group>"; };
		DB431673218ECF7B00800296 /* main.cpp */ = {isa = PBXFileReference; fileEncoding = 4; lastKnownFileType = sourcecode.cpp.cpp; path = main.cpp; sourceTree = "<group>"; };
		DB431674218ECF7B00800296 /* Container.hpp */ = {isa = PBXFileReference; fileEncoding = 4; lastKnownFileType = sourcecode.cpp.h; path = Container.hpp; sourceTree = "<group>"; };
		DB431675218ECF7B00800296 /* Creature.hpp */ = {isa = PBXFileReference; fileEncoding = 4; lastKnownFileType = sourcecode.cpp.h; path = Creature.hpp; sourceTree = "<group>"; };
		DB431676218ECF7B00800296 /* samples */ = {isa = PBXFileReference; lastKnownFileType = folder; path = samples; sourceTree = "<group>"; };
		DB431677218ECF7B00800296 /* Trigger.hpp */ = {isa = PBXFileReference; fileEncoding = 4; lastKnownFileType = sourcecode.cpp.h; path = Trigger.hpp; sourceTree = "<group>"; };
		DB431678218ECF7B00800296 /* Attack.hpp */ = {isa = PBXFileReference; fileEncoding = 4; lastKnownFileType = sourcecode.cpp.h; path = Attack.hpp; sourceTree = "<group>"; };
		DB431679218ECF7B00800296 /* rapidxml-1.13 */ = {isa = PBXFileReference; lastKnownFileType = folder; path = "rapidxml-1.13"; sourceTree = "<group>"; };
		DB43167A218ECF7C00800296 /* header.hpp */ = {isa = PBXFileReference; fileEncoding = 4; lastKnownFileType = sourcecode.cpp.h; path = header.hpp; sourceTree = "<group>"; };
		DB43167B218ECF7C00800296 /* Room.hpp */ = {isa = PBXFileReference; fileEncoding = 4; lastKnownFileType = sourcecode.cpp.h; path = Room.hpp; sourceTree = "<group>"; };
		DB43167F218ED03A00800296 /* GlobalVar.hpp */ = {isa = PBXFileReference; lastKnownFileType = sourcecode.cpp.h; path = GlobalVar.hpp; sourceTree = "<group>"; };
		DB431682218ED08A00800296 /* BehindScene.hpp */ = {isa = PBXFileReference; lastKnownFileType = sourcecode.cpp.h; path = BehindScene.hpp; sourceTree = "<group>"; };
		DB431685218ED0DE00800296 /* User.hpp */ = {isa = PBXFileReference; lastKnownFileType = sourcecode.cpp.h; path = User.hpp; sourceTree = "<group>"; };
		DB43168B218ED1F900800296 /* UserCommand.hpp */ = {isa = PBXFileReference; lastKnownFileType = sourcecode.cpp.h; path = UserCommand.hpp; sourceTree = "<group>"; };
		DB43168E218ED2BF00800296 /* ChangeRoom.hpp */ = {isa = PBXFileReference; lastKnownFileType = sourcecode.cpp.h; path = ChangeRoom.hpp; sourceTree = "<group>"; };
		DB431691218ED31F00800296 /* ItemAction.hpp */ = {isa = PBXFileReference; lastKnownFileType = sourcecode.cpp.h; path = ItemAction.hpp; sourceTree = "<group>"; };
		DB431694218ED47400800296 /* Interaction.hpp */ = {isa = PBXFileReference; lastKnownFileType = sourcecode.cpp.h; path = Interaction.hpp; sourceTree = "<group>"; };
/* End PBXFileReference section */

/* Begin PBXFrameworksBuildPhase section */
		DB431664218ECF6300800296 /* Frameworks */ = {
			isa = PBXFrameworksBuildPhase;
			buildActionMask = 2147483647;
			files = (
			);
			runOnlyForDeploymentPostprocessing = 0;
		};
/* End PBXFrameworksBuildPhase section */

/* Begin PBXGroup section */
		DB43165E218ECF6300800296 = {
			isa = PBXGroup;
			children = (
				DB431669218ECF6300800296 /* Zork */,
				DB431668218ECF6300800296 /* Products */,
			);
			sourceTree = "<group>";
		};
		DB431668218ECF6300800296 /* Products */ = {
			isa = PBXGroup;
			children = (
				DB431667218ECF6300800296 /* Zork */,
			);
			name = Products;
			sourceTree = "<group>";
		};
		DB431669218ECF6300800296 /* Zork */ = {
			isa = PBXGroup;
			children = (
				DB431678218ECF7B00800296 /* Attack.hpp */,
				DB431674218ECF7B00800296 /* Container.hpp */,
				DB431675218ECF7B00800296 /* Creature.hpp */,
				DB43167A218ECF7C00800296 /* header.hpp */,
				DB431682218ED08A00800296 /* BehindScene.hpp */,
				DB43167F218ED03A00800296 /* GlobalVar.hpp */,
				DB431685218ED0DE00800296 /* User.hpp */,
				DB431694218ED47400800296 /* Interaction.hpp */,
				DB431691218ED31F00800296 /* ItemAction.hpp */,
				DB43168E218ED2BF00800296 /* ChangeRoom.hpp */,
				DB43168B218ED1F900800296 /* UserCommand.hpp */,
				DB431672218ECF7B00800296 /* Item.hpp */,
				DB431673218ECF7B00800296 /* main.cpp */,
				DB431679218ECF7B00800296 /* rapidxml-1.13 */,
				DB43167B218ECF7C00800296 /* Room.hpp */,
				DB431671218ECF7B00800296 /* sample.txt.xml */,
				DB431676218ECF7B00800296 /* samples */,
				DB431677218ECF7B00800296 /* Trigger.hpp */,
			);
			path = Zork;
			sourceTree = "<group>";
		};
/* End PBXGroup section */

/* Begin PBXNativeTarget section */
		DB431666218ECF6300800296 /* Zork */ = {
			isa = PBXNativeTarget;
			buildConfigurationList = DB43166E218ECF6300800296 /* Build configuration list for PBXNativeTarget "Zork" */;
			buildPhases = (
				DB431663218ECF6300800296 /* Sources */,
				DB431664218ECF6300800296 /* Frameworks */,
				DB431665218ECF6300800296 /* CopyFiles */,
			);
			buildRules = (
			);
			dependencies = (
			);
			name = Zork;
			productName = Zork;
			productReference = DB431667218ECF6300800296 /* Zork */;
			productType = "com.apple.product-type.tool";
		};
/* End PBXNativeTarget section */

/* Begin PBXProject section */
		DB43165F218ECF6300800296 /* Project object */ = {
			isa = PBXProject;
			attributes = {
				LastUpgradeCheck = 1010;
				ORGANIZATIONNAME = XiChen;
				TargetAttributes = {
					DB431666218ECF6300800296 = {
						CreatedOnToolsVersion = 10.1;
					};
				};
			};
			buildConfigurationList = DB431662218ECF6300800296 /* Build configuration list for PBXProject "Zork" */;
			compatibilityVersion = "Xcode 9.3";
			developmentRegion = en;
			hasScannedForEncodings = 0;
			knownRegions = (
				en,
			);
			mainGroup = DB43165E218ECF6300800296;
			productRefGroup = DB431668218ECF6300800296 /* Products */;
			projectDirPath = "";
			projectRoot = "";
			targets = (
				DB431666218ECF6300800296 /* Zork */,
			);
		};
/* End PBXProject section */

/* Begin PBXSourcesBuildPhase section */
		DB431663218ECF6300800296 /* Sources */ = {
			isa = PBXSourcesBuildPhase;
			buildActionMask = 2147483647;
			files = (
				DB43167C218ECF7C00800296 /* main.cpp in Sources */,
			);
			runOnlyForDeploymentPostprocessing = 0;
		};
/* End PBXSourcesBuildPhase section */

/* Begin XCBuildConfiguration section */
		DB43166C218ECF6300800296 /* Debug */ = {
			isa = XCBuildConfiguration;
			buildSettings = {
				ALWAYS_SEARCH_USER_PATHS = NO;
				CLANG_ANALYZER_NONNULL = YES;
				CLANG_ANALYZER_NUMBER_OBJECT_CONVERSION = YES_AGGRESSIVE;
				CLANG_CXX_LANGUAGE_STANDARD = "gnu++14";
				CLANG_CXX_LIBRARY = "libc++";
				CLANG_ENABLE_MODULES = YES;
				CLANG_ENABLE_OBJC_ARC = YES;
				CLANG_ENABLE_OBJC_WEAK = YES;
				CLANG_WARN_BLOCK_CAPTURE_AUTORELEASING = YES;
				CLANG_WARN_BOOL_CONVERSION = YES;
				CLANG_WARN_COMMA = YES;
				CLANG_WARN_CONSTANT_CONVERSION = YES;
				CLANG_WARN_DEPRECATED_OBJC_IMPLEMENTATIONS = YES;
				CLANG_WARN_DIRECT_OBJC_ISA_USAGE = YES_ERROR;
				CLANG_WARN_DOCUMENTATION_COMMENTS = YES;
				CLANG_WARN_EMPTY_BODY = YES;
				CLANG_WARN_ENUM_CONVERSION = YES;
				CLANG_WARN_INFINITE_RECURSION = YES;
				CLANG_WARN_INT_CONVERSION = YES;
				CLANG_WARN_NON_LITERAL_NULL_CONVERSION = YES;
				CLANG_WARN_OBJC_IMPLICIT_RETAIN_SELF = YES;
				CLANG_WARN_OBJC_LITERAL_CONVERSION = YES;
				CLANG_WARN_OBJC_ROOT_CLASS = YES_ERROR;
				CLANG_WARN_RANGE_LOOP_ANALYSIS = YES;
				CLANG_WARN_STRICT_PROTOTYPES = YES;
				CLANG_WARN_SUSPICIOUS_MOVE = YES;
				CLANG_WARN_UNGUARDED_AVAILABILITY = YES_AGGRESSIVE;
				CLANG_WARN_UNREACHABLE_CODE = YES;
				CLANG_WARN__DUPLICATE_METHOD_MATCH = YES;
				CODE_SIGN_IDENTITY = "-";
				COPY_PHASE_STRIP = NO;
				DEBUG_INFORMATION_FORMAT = dwarf;
				ENABLE_STRICT_OBJC_MSGSEND = YES;
				ENABLE_TESTABILITY = YES;
				GCC_C_LANGUAGE_STANDARD = gnu11;
				GCC_DYNAMIC_NO_PIC = NO;
				GCC_NO_COMMON_BLOCKS = YES;
				GCC_OPTIMIZATION_LEVEL = 0;
				GCC_PREPROCESSOR_DEFINITIONS = (
					"DEBUG=1",
					"$(inherited)",
				);
				GCC_WARN_64_TO_32_BIT_CONVERSION = YES;
				GCC_WARN_ABOUT_RETURN_TYPE = YES_ERROR;
				GCC_WARN_UNDECLARED_SELECTOR = YES;
				GCC_WARN_UNINITIALIZED_AUTOS = YES_AGGRESSIVE;
				GCC_WARN_UNUSED_FUNCTION = YES;
				GCC_WARN_UNUSED_VARIABLE = YES;
				MACOSX_DEPLOYMENT_TARGET = 10.14;
				MTL_ENABLE_DEBUG_INFO = INCLUDE_SOURCE;
				MTL_FAST_MATH = YES;
				ONLY_ACTIVE_ARCH = YES;
				SDKROOT = macosx;
			};
			name = Debug;
		};
		DB43166D218ECF6300800296 /* Release */ = {
			isa = XCBuildConfiguration;
			buildSettings = {
				ALWAYS_SEARCH_USER_PATHS = NO;
				CLANG_ANALYZER_NONNULL = YES;
				CLANG_ANALYZER_NUMBER_OBJECT_CONVERSION = YES_AGGRESSIVE;
				CLANG_CXX_LANGUAGE_STANDARD = "gnu++14";
				CLANG_CXX_LIBRARY = "libc++";
				CLANG_ENABLE_MODULES = YES;
				CLANG_ENABLE_OBJC_ARC = YES;
				CLANG_ENABLE_OBJC_WEAK = YES;
				CLANG_WARN_BLOCK_CAPTURE_AUTORELEASING = YES;
				CLANG_WARN_BOOL_CONVERSION = YES;
				CLANG_WARN_COMMA = YES;
				CLANG_WARN_CONSTANT_CONVERSION = YES;
				CLANG_WARN_DEPRECATED_OBJC_IMPLEMENTATIONS = YES;
				CLANG_WARN_DIRECT_OBJC_ISA_USAGE = YES_ERROR;
				CLANG_WARN_DOCUMENTATION_COMMENTS = YES;
				CLANG_WARN_EMPTY_BODY = YES;
				CLANG_WARN_ENUM_CONVERSION = YES;
				CLANG_WARN_INFINITE_RECURSION = YES;
				CLANG_WARN_INT_CONVERSION = YES;
				CLANG_WARN_NON_LITERAL_NULL_CONVERSION = YES;
				CLANG_WARN_OBJC_IMPLICIT_RETAIN_SELF = YES;
				CLANG_WARN_OBJC_LITERAL_CONVERSION = YES;
				CLANG_WARN_OBJC_ROOT_CLASS = YES_ERROR;
				CLANG_WARN_RANGE_LOOP_ANALYSIS = YES;
				CLANG_WARN_STRICT_PROTOTYPES = YES;
				CLANG_WARN_SUSPICIOUS_MOVE = YES;
				CLANG_WARN_UNGUARDED_AVAILABILITY = YES_AGGRESSIVE;
				CLANG_WARN_UNREACHABLE_CODE = YES;
				CLANG_WARN__DUPLICATE_METHOD_MATCH = YES;
				CODE_SIGN_IDENTITY = "-";
				COPY_PHASE_STRIP = NO;
				DEBUG_INFORMATION_FORMAT = "dwarf-with-dsym";
				ENABLE_NS_ASSERTIONS = NO;
				ENABLE_STRICT_OBJC_MSGSEND = YES;
				GCC_C_LANGUAGE_STANDARD = gnu11;
				GCC_NO_COMMON_BLOCKS = YES;
				GCC_WARN_64_TO_32_BIT_CONVERSION = YES;
				GCC_WARN_ABOUT_RETURN_TYPE = YES_ERROR;
				GCC_WARN_UNDECLARED_SELECTOR = YES;
				GCC_WARN_UNINITIALIZED_AUTOS = YES_AGGRESSIVE;
				GCC_WARN_UNUSED_FUNCTION = YES;
				GCC_WARN_UNUSED_VARIABLE = YES;
				MACOSX_DEPLOYMENT_TARGET = 10.14;
				MTL_ENABLE_DEBUG_INFO = NO;
				MTL_FAST_MATH = YES;
				SDKROOT = macosx;
			};
			name = Release;
		};
		DB43166F218ECF6300800296 /* Debug */ = {
			isa = XCBuildConfiguration;
			buildSettings = {
				CODE_SIGN_STYLE = Automatic;
				PRODUCT_NAME = "$(TARGET_NAME)";
			};
			name = Debug;
		};
		DB431670218ECF6300800296 /* Release */ = {
			isa = XCBuildConfiguration;
			buildSettings = {
				CODE_SIGN_STYLE = Automatic;
				PRODUCT_NAME = "$(TARGET_NAME)";
			};
			name = Release;
		};
/* End XCBuildConfiguration section */

/* Begin XCConfigurationList section */
		DB431662218ECF6300800296 /* Build configuration list for PBXProject "Zork" */ = {
			isa = XCConfigurationList;
			buildConfigurations = (
				DB43166C218ECF6300800296 /* Debug */,
				DB43166D218ECF6300800296 /* Release */,
			);
			defaultConfigurationIsVisible = 0;
			defaultConfigurationName = Release;
		};
		DB43166E218ECF6300800296 /* Build configuration list for PBXNativeTarget "Zork" */ = {
			isa = XCConfigurationList;
			buildConfigurations = (
				DB43166F218ECF6300800296 /* Debug */,
				DB431670218ECF6300800296 /* Release */,
			);
			defaultConfigurationIsVisible = 0;
			defaultConfigurationName = Release;
		};
/* End XCConfigurationList section */
	};
	rootObject = DB43165F218ECF6300800296 /* Project object */;
}
